// !$*UTF8*$!
{
	archiveVersion = 1;
	classes = {
	};
	objectVersion = 48;
	objects = {

/* Begin PBXBuildFile section */
		396EC3BF20289BF400CD126C /* AppDelegate.swift in Sources */ = {isa = PBXBuildFile; fileRef = 396EC3BE20289BF400CD126C /* AppDelegate.swift */; };
		396EC3C120289BF400CD126C /* MapVC.swift in Sources */ = {isa = PBXBuildFile; fileRef = 396EC3C020289BF400CD126C /* MapVC.swift */; };
		396EC3C420289BF400CD126C /* Main.storyboard in Resources */ = {isa = PBXBuildFile; fileRef = 396EC3C220289BF400CD126C /* Main.storyboard */; };
		396EC3C620289BF400CD126C /* Assets.xcassets in Resources */ = {isa = PBXBuildFile; fileRef = 396EC3C520289BF400CD126C /* Assets.xcassets */; };
		396EC3C920289BF400CD126C /* LaunchScreen.storyboard in Resources */ = {isa = PBXBuildFile; fileRef = 396EC3C720289BF400CD126C /* LaunchScreen.storyboard */; };
		396EC3D6202B28CD00CD126C /* DroppablePin.swift in Sources */ = {isa = PBXBuildFile; fileRef = 396EC3D5202B28CD00CD126C /* DroppablePin.swift */; };
		396EC3D8202B5CD400CD126C /* PhotoCell.swift in Sources */ = {isa = PBXBuildFile; fileRef = 396EC3D7202B5CD400CD126C /* PhotoCell.swift */; };
		CA73325975765EB4AF58D3D4 /* Pods_Pixel_city.framework in Frameworks */ = {isa = PBXBuildFile; fileRef = 76CB3BF1F29FCACBCF191E95 /* Pods_Pixel_city.framework */; };
/* End PBXBuildFile section */

/* Begin PBXFileReference section */
		396EC3BB20289BF400CD126C /* Pixel-city.app */ = {isa = PBXFileReference; explicitFileType = wrapper.application; includeInIndex = 0; path = "Pixel-city.app"; sourceTree = BUILT_PRODUCTS_DIR; };
		396EC3BE20289BF400CD126C /* AppDelegate.swift */ = {isa = PBXFileReference; lastKnownFileType = sourcecode.swift; path = AppDelegate.swift; sourceTree = "<group>"; };
		396EC3C020289BF400CD126C /* MapVC.swift */ = {isa = PBXFileReference; lastKnownFileType = sourcecode.swift; path = MapVC.swift; sourceTree = "<group>"; };
		396EC3C320289BF400CD126C /* Base */ = {isa = PBXFileReference; lastKnownFileType = file.storyboard; name = Base; path = Base.lproj/Main.storyboard; sourceTree = "<group>"; };
		396EC3C520289BF400CD126C /* Assets.xcassets */ = {isa = PBXFileReference; lastKnownFileType = folder.assetcatalog; path = Assets.xcassets; sourceTree = "<group>"; };
		396EC3C820289BF400CD126C /* Base */ = {isa = PBXFileReference; lastKnownFileType = file.storyboard; name = Base; path = Base.lproj/LaunchScreen.storyboard; sourceTree = "<group>"; };
		396EC3CA20289BF400CD126C /* Info.plist */ = {isa = PBXFileReference; lastKnownFileType = text.plist.xml; path = Info.plist; sourceTree = "<group>"; };
		396EC3D5202B28CD00CD126C /* DroppablePin.swift */ = {isa = PBXFileReference; lastKnownFileType = sourcecode.swift; path = DroppablePin.swift; sourceTree = "<group>"; };
		396EC3D7202B5CD400CD126C /* PhotoCell.swift */ = {isa = PBXFileReference; lastKnownFileType = sourcecode.swift; path = PhotoCell.swift; sourceTree = "<group>"; };
		40B12D1B0D7C99B9AAFBB33B /* Pods-Pixel-city.debug.xcconfig */ = {isa = PBXFileReference; includeInIndex = 1; lastKnownFileType = text.xcconfig; name = "Pods-Pixel-city.debug.xcconfig"; path = "Pods/Target Support Files/Pods-Pixel-city/Pods-Pixel-city.debug.xcconfig"; sourceTree = "<group>"; };
		76CB3BF1F29FCACBCF191E95 /* Pods_Pixel_city.framework */ = {isa = PBXFileReference; explicitFileType = wrapper.framework; includeInIndex = 0; path = Pods_Pixel_city.framework; sourceTree = BUILT_PRODUCTS_DIR; };
		E070578DC1B0BD26906B2952 /* Pods-Pixel-city.release.xcconfig */ = {isa = PBXFileReference; includeInIndex = 1; lastKnownFileType = text.xcconfig; name = "Pods-Pixel-city.release.xcconfig"; path = "Pods/Target Support Files/Pods-Pixel-city/Pods-Pixel-city.release.xcconfig"; sourceTree = "<group>"; };
/* End PBXFileReference section */

/* Begin PBXFrameworksBuildPhase section */
		396EC3B820289BF400CD126C /* Frameworks */ = {
			isa = PBXFrameworksBuildPhase;
			buildActionMask = 2147483647;
			files = (
				CA73325975765EB4AF58D3D4 /* Pods_Pixel_city.framework in Frameworks */,
			);
			runOnlyForDeploymentPostprocessing = 0;
		};
/* End PBXFrameworksBuildPhase section */

/* Begin PBXGroup section */
		396EC3B220289BF400CD126C = {
			isa = PBXGroup;
			children = (
				396EC3BD20289BF400CD126C /* Pixel-city */,
				396EC3BC20289BF400CD126C /* Products */,
				57F3CB6C690A7B061B3C9AA7 /* Pods */,
				C3F0EF73C7C5FA1F0AC4411C /* Frameworks */,
			);
			sourceTree = "<group>";
		};
		396EC3BC20289BF400CD126C /* Products */ = {
			isa = PBXGroup;
			children = (
				396EC3BB20289BF400CD126C /* Pixel-city.app */,
			);
			name = Products;
			sourceTree = "<group>";
		};
		396EC3BD20289BF400CD126C /* Pixel-city */ = {
			isa = PBXGroup;
			children = (
				396EC3D420289C4C00CD126C /* Utilities */,
				396EC3D320289C4400CD126C /* Extensions */,
				396EC3D220289C3F00CD126C /* Model */,
				396EC3D120289C3900CD126C /* View */,
				396EC3D020289C3100CD126C /* Controller */,
				396EC3BE20289BF400CD126C /* AppDelegate.swift */,
				396EC3C220289BF400CD126C /* Main.storyboard */,
				396EC3C520289BF400CD126C /* Assets.xcassets */,
				396EC3C720289BF400CD126C /* LaunchScreen.storyboard */,
				396EC3CA20289BF400CD126C /* Info.plist */,
			);
			path = "Pixel-city";
			sourceTree = "<group>";
		};
		396EC3D020289C3100CD126C /* Controller */ = {
			isa = PBXGroup;
			children = (
				396EC3C020289BF400CD126C /* MapVC.swift */,
			);
			path = Controller;
			sourceTree = "<group>";
		};
		396EC3D120289C3900CD126C /* View */ = {
			isa = PBXGroup;
			children = (
				396EC3D5202B28CD00CD126C /* DroppablePin.swift */,
				396EC3D7202B5CD400CD126C /* PhotoCell.swift */,
			);
			path = View;
			sourceTree = "<group>";
		};
		396EC3D220289C3F00CD126C /* Model */ = {
			isa = PBXGroup;
			children = (
			);
			path = Model;
			sourceTree = "<group>";
		};
		396EC3D320289C4400CD126C /* Extensions */ = {
			isa = PBXGroup;
			children = (
			);
			path = Extensions;
			sourceTree = "<group>";
		};
		396EC3D420289C4C00CD126C /* Utilities */ = {
			isa = PBXGroup;
			children = (
			);
			path = Utilities;
			sourceTree = "<group>";
		};
		57F3CB6C690A7B061B3C9AA7 /* Pods */ = {
			isa = PBXGroup;
			children = (
				40B12D1B0D7C99B9AAFBB33B /* Pods-Pixel-city.debug.xcconfig */,
				E070578DC1B0BD26906B2952 /* Pods-Pixel-city.release.xcconfig */,
			);
			name = Pods;
			sourceTree = "<group>";
		};
		C3F0EF73C7C5FA1F0AC4411C /* Frameworks */ = {
			isa = PBXGroup;
			children = (
				76CB3BF1F29FCACBCF191E95 /* Pods_Pixel_city.framework */,
			);
			name = Frameworks;
			sourceTree = "<group>";
		};
/* End PBXGroup section */

/* Begin PBXNativeTarget section */
		396EC3BA20289BF400CD126C /* Pixel-city */ = {
			isa = PBXNativeTarget;
			buildConfigurationList = 396EC3CD20289BF400CD126C /* Build configuration list for PBXNativeTarget "Pixel-city" */;
			buildPhases = (
				B2233E3EE3C94DBD64857A3F /* [CP] Check Pods Manifest.lock */,
				396EC3B720289BF400CD126C /* Sources */,
				396EC3B820289BF400CD126C /* Frameworks */,
				396EC3B920289BF400CD126C /* Resources */,
				179EC9EB797F48016D5F5145 /* [CP] Embed Pods Frameworks */,
				EDAE541D3E0A92425EF269CF /* [CP] Copy Pods Resources */,
			);
			buildRules = (
			);
			dependencies = (
			);
			name = "Pixel-city";
			productName = "Pixel-city";
			productReference = 396EC3BB20289BF400CD126C /* Pixel-city.app */;
			productType = "com.apple.product-type.application";
		};
/* End PBXNativeTarget section */

/* Begin PBXProject section */
		396EC3B320289BF400CD126C /* Project object */ = {
			isa = PBXProject;
			attributes = {
				LastSwiftUpdateCheck = 0920;
				LastUpgradeCheck = 0920;
				ORGANIZATIONNAME = nan;
				TargetAttributes = {
					396EC3BA20289BF400CD126C = {
						CreatedOnToolsVersion = 9.2;
						ProvisioningStyle = Automatic;
					};
				};
			};
			buildConfigurationList = 396EC3B620289BF400CD126C /* Build configuration list for PBXProject "Pixel-city" */;
			compatibilityVersion = "Xcode 8.0";
			developmentRegion = en;
			hasScannedForEncodings = 0;
			knownRegions = (
				en,
				Base,
			);
			mainGroup = 396EC3B220289BF400CD126C;
			productRefGroup = 396EC3BC20289BF400CD126C /* Products */;
			projectDirPath = "";
			projectRoot = "";
			targets = (
				396EC3BA20289BF400CD126C /* Pixel-city */,
			);
		};
/* End PBXProject section */

/* Begin PBXResourcesBuildPhase section */
		396EC3B920289BF400CD126C /* Resources */ = {
			isa = PBXResourcesBuildPhase;
			buildActionMask = 2147483647;
			files = (
				396EC3C920289BF400CD126C /* LaunchScreen.storyboard in Resources */,
				396EC3C620289BF400CD126C /* Assets.xcassets in Resources */,
				396EC3C420289BF400CD126C /* Main.storyboard in Resources */,
			);
			runOnlyForDeploymentPostprocessing = 0;
		};
/* End PBXResourcesBuildPhase section */

/* Begin PBXShellScriptBuildPhase section */
		179EC9EB797F48016D5F5145 /* [CP] Embed Pods Frameworks */ = {
			isa = PBXShellScriptBuildPhase;
			buildActionMask = 2147483647;
			files = (
			);
			inputPaths = (
				"${SRCROOT}/Pods/Target Support Files/Pods-Pixel-city/Pods-Pixel-city-frameworks.sh",
				"${BUILT_PRODUCTS_DIR}/Alamofire/Alamofire.framework",
				"${BUILT_PRODUCTS_DIR}/AlamofireImage/AlamofireImage.framework",
			);
			name = "[CP] Embed Pods Frameworks";
			outputPaths = (
				"${TARGET_BUILD_DIR}/${FRAMEWORKS_FOLDER_PATH}/Alamofire.framework",
				"${TARGET_BUILD_DIR}/${FRAMEWORKS_FOLDER_PATH}/AlamofireImage.framework",
			);
			runOnlyForDeploymentPostprocessing = 0;
			shellPath = /bin/sh;
			shellScript = "\"${SRCROOT}/Pods/Target Support Files/Pods-Pixel-city/Pods-Pixel-city-frameworks.sh\"\n";
			showEnvVarsInLog = 0;
		};
		B2233E3EE3C94DBD64857A3F /* [CP] Check Pods Manifest.lock */ = {
			isa = PBXShellScriptBuildPhase;
			buildActionMask = 2147483647;
			files = (
			);
			inputPaths = (
				"${PODS_PODFILE_DIR_PATH}/Podfile.lock",
				"${PODS_ROOT}/Manifest.lock",
			);
			name = "[CP] Check Pods Manifest.lock";
			outputPaths = (
				"$(DERIVED_FILE_DIR)/Pods-Pixel-city-checkManifestLockResult.txt",
			);
			runOnlyForDeploymentPostprocessing = 0;
			shellPath = /bin/sh;
			shellScript = "diff \"${PODS_PODFILE_DIR_PATH}/Podfile.lock\" \"${PODS_ROOT}/Manifest.lock\" > /dev/null\nif [ $? != 0 ] ; then\n    # print error to STDERR\n    echo \"error: The sandbox is not in sync with the Podfile.lock. Run 'pod install' or update your CocoaPods installation.\" >&2\n    exit 1\nfi\n# This output is used by Xcode 'outputs' to avoid re-running this script phase.\necho \"SUCCESS\" > \"${SCRIPT_OUTPUT_FILE_0}\"\n";
			showEnvVarsInLog = 0;
		};
		EDAE541D3E0A92425EF269CF /* [CP] Copy Pods Resources */ = {
			isa = PBXShellScriptBuildPhase;
			buildActionMask = 2147483647;
			files = (
			);
			inputPaths = (
			);
			name = "[CP] Copy Pods Resources";
			outputPaths = (
			);
			runOnlyForDeploymentPostprocessing = 0;
			shellPath = /bin/sh;
			shellScript = "\"${SRCROOT}/Pods/Target Support Files/Pods-Pixel-city/Pods-Pixel-city-resources.sh\"\n";
			showEnvVarsInLog = 0;
		};
/* End PBXShellScriptBuildPhase section */

/* Begin PBXSourcesBuildPhase section */
		396EC3B720289BF400CD126C /* Sources */ = {
			isa = PBXSourcesBuildPhase;
			buildActionMask = 2147483647;
			files = (
				396EC3D8202B5CD400CD126C /* PhotoCell.swift in Sources */,
				396EC3C120289BF400CD126C /* MapVC.swift in Sources */,
				396EC3D6202B28CD00CD126C /* DroppablePin.swift in Sources */,
				396EC3BF20289BF400CD126C /* AppDelegate.swift in Sources */,
			);
			runOnlyForDeploymentPostprocessing = 0;
		};
/* End PBXSourcesBuildPhase section */

/* Begin PBXVariantGroup section */
		396EC3C220289BF400CD126C /* Main.storyboard */ = {
			isa = PBXVariantGroup;
			children = (
				396EC3C320289BF400CD126C /* Base */,
			);
			name = Main.storyboard;
			sourceTree = "<group>";
		};
		396EC3C720289BF400CD126C /* LaunchScreen.storyboard */ = {
			isa = PBXVariantGroup;
			children = (
				396EC3C820289BF400CD126C /* Base */,
			);
			name = LaunchScreen.storyboard;
			sourceTree = "<group>";
		};
/* End PBXVariantGroup section */

/* Begin XCBuildConfiguration section */
		396EC3CB20289BF400CD126C /* Debug */ = {
			isa = XCBuildConfiguration;
			buildSettings = {
				ALWAYS_SEARCH_USER_PATHS = NO;
				CLANG_ANALYZER_NONNULL = YES;
				CLANG_ANALYZER_NUMBER_OBJECT_CONVERSION = YES_AGGRESSIVE;
				CLANG_CXX_LANGUAGE_STANDARD = "gnu++14";
				CLANG_CXX_LIBRARY = "libc++";
				CLANG_ENABLE_MODULES = YES;
				CLANG_ENABLE_OBJC_ARC = YES;
				CLANG_WARN_BLOCK_CAPTURE_AUTORELEASING = YES;
				CLANG_WARN_BOOL_CONVERSION = YES;
				CLANG_WARN_COMMA = YES;
				CLANG_WARN_CONSTANT_CONVERSION = YES;
				CLANG_WARN_DIRECT_OBJC_ISA_USAGE = YES_ERROR;
				CLANG_WARN_DOCUMENTATION_COMMENTS = YES;
				CLANG_WARN_EMPTY_BODY = YES;
				CLANG_WARN_ENUM_CONVERSION = YES;
				CLANG_WARN_INFINITE_RECURSION = YES;
				CLANG_WARN_INT_CONVERSION = YES;
				CLANG_WARN_NON_LITERAL_NULL_CONVERSION = YES;
				CLANG_WARN_OBJC_LITERAL_CONVERSION = YES;
				CLANG_WARN_OBJC_ROOT_CLASS = YES_ERROR;
				CLANG_WARN_RANGE_LOOP_ANALYSIS = YES;
				CLANG_WARN_STRICT_PROTOTYPES = YES;
				CLANG_WARN_SUSPICIOUS_MOVE = YES;
				CLANG_WARN_UNGUARDED_AVAILABILITY = YES_AGGRESSIVE;
				CLANG_WARN_UNREACHABLE_CODE = YES;
				CLANG_WARN__DUPLICATE_METHOD_MATCH = YES;
				CODE_SIGN_IDENTITY = "iPhone Developer";
				COPY_PHASE_STRIP = NO;
				DEBUG_INFORMATION_FORMAT = dwarf;
				ENABLE_STRICT_OBJC_MSGSEND = YES;
				ENABLE_TESTABILITY = YES;
				GCC_C_LANGUAGE_STANDARD = gnu11;
				GCC_DYNAMIC_NO_PIC = NO;
				GCC_NO_COMMON_BLOCKS = YES;
				GCC_OPTIMIZATION_LEVEL = 0;
				GCC_PREPROCESSOR_DEFINITIONS = (
					"DEBUG=1",
					"$(inherited)",
				);
				GCC_WARN_64_TO_32_BIT_CONVERSION = YES;
				GCC_WARN_ABOUT_RETURN_TYPE = YES_ERROR;
				GCC_WARN_UNDECLARED_SELECTOR = YES;
				GCC_WARN_UNINITIALIZED_AUTOS = YES_AGGRESSIVE;
				GCC_WARN_UNUSED_FUNCTION = YES;
				GCC_WARN_UNUSED_VARIABLE = YES;
				IPHONEOS_DEPLOYMENT_TARGET = 11.2;
				MTL_ENABLE_DEBUG_INFO = YES;
				ONLY_ACTIVE_ARCH = YES;
				SDKROOT = iphoneos;
				SWIFT_ACTIVE_COMPILATION_CONDITIONS = DEBUG;
				SWIFT_OPTIMIZATION_LEVEL = "-Onone";
			};
			name = Debug;
		};
		396EC3CC20289BF400CD126C /* Release */ = {
			isa = XCBuildConfiguration;
			buildSettings = {
				ALWAYS_SEARCH_USER_PATHS = NO;
				CLANG_ANALYZER_NONNULL = YES;
				CLANG_ANALYZER_NUMBER_OBJECT_CONVERSION = YES_AGGRESSIVE;
				CLANG_CXX_LANGUAGE_STANDARD = "gnu++14";
				CLANG_CXX_LIBRARY = "libc++";
				CLANG_ENABLE_MODULES = YES;
				CLANG_ENABLE_OBJC_ARC = YES;
				CLANG_WARN_BLOCK_CAPTURE_AUTORELEASING = YES;
				CLANG_WARN_BOOL_CONVERSION = YES;
				CLANG_WARN_COMMA = YES;
				CLANG_WARN_CONSTANT_CONVERSION = YES;
				CLANG_WARN_DIRECT_OBJC_ISA_USAGE = YES_ERROR;
				CLANG_WARN_DOCUMENTATION_COMMENTS = YES;
				CLANG_WARN_EMPTY_BODY = YES;
				CLANG_WARN_ENUM_CONVERSION = YES;
				CLANG_WARN_INFINITE_RECURSION = YES;
				CLANG_WARN_INT_CONVERSION = YES;
				CLANG_WARN_NON_LITERAL_NULL_CONVERSION = YES;
				CLANG_WARN_OBJC_LITERAL_CONVERSION = YES;
				CLANG_WARN_OBJC_ROOT_CLASS = YES_ERROR;
				CLANG_WARN_RANGE_LOOP_ANALYSIS = YES;
				CLANG_WARN_STRICT_PROTOTYPES = YES;
				CLANG_WARN_SUSPICIOUS_MOVE = YES;
				CLANG_WARN_UNGUARDED_AVAILABILITY = YES_AGGRESSIVE;
				CLANG_WARN_UNREACHABLE_CODE = YES;
				CLANG_WARN__DUPLICATE_METHOD_MATCH = YES;
				CODE_SIGN_IDENTITY = "iPhone Developer";
				COPY_PHASE_STRIP = NO;
				DEBUG_INFORMATION_FORMAT = "dwarf-with-dsym";
				ENABLE_NS_ASSERTIONS = NO;
				ENABLE_STRICT_OBJC_MSGSEND = YES;
				GCC_C_LANGUAGE_STANDARD = gnu11;
				GCC_NO_COMMON_BLOCKS = YES;
				GCC_WARN_64_TO_32_BIT_CONVERSION = YES;
				GCC_WARN_ABOUT_RETURN_TYPE = YES_ERROR;
				GCC_WARN_UNDECLARED_SELECTOR = YES;
				GCC_WARN_UNINITIALIZED_AUTOS = YES_AGGRESSIVE;
				GCC_WARN_UNUSED_FUNCTION = YES;
				GCC_WARN_UNUSED_VARIABLE = YES;
				IPHONEOS_DEPLOYMENT_TARGET = 11.2;
				MTL_ENABLE_DEBUG_INFO = NO;
				SDKROOT = iphoneos;
				SWIFT_OPTIMIZATION_LEVEL = "-Owholemodule";
				VALIDATE_PRODUCT = YES;
			};
			name = Release;
		};
		396EC3CE20289BF400CD126C /* Debug */ = {
			isa = XCBuildConfiguration;
			baseConfigurationReference = 40B12D1B0D7C99B9AAFBB33B /* Pods-Pixel-city.debug.xcconfig */;
			buildSettings = {
				ASSETCATALOG_COMPILER_APPICON_NAME = AppIcon;
				CODE_SIGN_STYLE = Automatic;
				DEVELOPMENT_TEAM = CFAPXCHZ99;
				INFOPLIST_FILE = "Pixel-city/Info.plist";
				LD_RUNPATH_SEARCH_PATHS = "$(inherited) @executable_path/Frameworks";
				PRODUCT_BUNDLE_IDENTIFIER = "tw.nan.www.Pixel-city";
				PRODUCT_NAME = "$(TARGET_NAME)";
				SWIFT_VERSION = 4.0;
				TARGETED_DEVICE_FAMILY = "1,2";
			};
			name = Debug;
		};
		396EC3CF20289BF400CD126C /* Release */ = {
			isa = XCBuildConfiguration;
			baseConfigurationReference = E070578DC1B0BD26906B2952 /* Pods-Pixel-city.release.xcconfig */;
			buildSettings = {
				ASSETCATALOG_COMPILER_APPICON_NAME = AppIcon;
				CODE_SIGN_STYLE = Automatic;
				DEVELOPMENT_TEAM = CFAPXCHZ99;
				INFOPLIST_FILE = "Pixel-city/Info.plist";
				LD_RUNPATH_SEARCH_PATHS = "$(inherited) @executable_path/Frameworks";
				PRODUCT_BUNDLE_IDENTIFIER = "tw.nan.www.Pixel-city";
				PRODUCT_NAME = "$(TARGET_NAME)";
				SWIFT_VERSION = 4.0;
				TARGETED_DEVICE_FAMILY = "1,2";
			};
			name = Release;
		};
/* End XCBuildConfiguration section */

/* Begin XCConfigurationList section */
		396EC3B620289BF400CD126C /* Build configuration list for PBXProject "Pixel-city" */ = {
			isa = XCConfigurationList;
			buildConfigurations = (
				396EC3CB20289BF400CD126C /* Debug */,
				396EC3CC20289BF400CD126C /* Release */,
			);
			defaultConfigurationIsVisible = 0;
			defaultConfigurationName = Release;
		};
		396EC3CD20289BF400CD126C /* Build configuration list for PBXNativeTarget "Pixel-city" */ = {
			isa = XCConfigurationList;
			buildConfigurations = (
				396EC3CE20289BF400CD126C /* Debug */,
				396EC3CF20289BF400CD126C /* Release */,
			);
			defaultConfigurationIsVisible = 0;
			defaultConfigurationName = Release;
		};
/* End XCConfigurationList section */
	};
	rootObject = 396EC3B320289BF400CD126C /* Project object */;
}
